
Microsoft Visual Studio Solution File, Format Version 12.00
# Visual Studio Version 17
VisualStudioVersion = 17.4.33122.133
MinimumVisualStudioVersion = 10.0.40219.1
Project("{9A19103F-16F7-4668-BE54-9A1E7A4F7556}") = "TalhaBarisAPI", "TalhaBarisAPI\TalhaBarisAPI.csproj", "{06E2FC9D-0D00-4D0E-9D08-20985C9DD7C0}"
EndProject
Project("{9A19103F-16F7-4668-BE54-9A1E7A4F7556}") = "TalhaBaris.Core", "TalhaBaris.Core\TalhaBaris.Core.csproj", "{3C33192A-ABE9-4202-9660-7130E19B7053}"
EndProject
Project("{9A19103F-16F7-4668-BE54-9A1E7A4F7556}") = "TalhaBaris.Repository", "TalhaBaris.Repository\TalhaBaris.Repository.csproj", "{B6B863F5-F4F4-4517-B0A6-087BFCE4820E}"
EndProject
Project("{9A19103F-16F7-4668-BE54-9A1E7A4F7556}") = "TalhaBaris.Service", "TalhaBaris.Service\TalhaBaris.Service.csproj", "{1683F900-B516-4E63-9CB3-5AC38A7B2689}"
EndProject
Project("{FAE04EC0-301F-11D3-BF4B-00C04F79EFBC}") = "TalhaBaris.Cache", "TalhaBaris.Cache\TalhaBaris.Cache.csproj", "{FC5C173F-E253-4167-9EC3-4D28879A10F1}"
EndProject
Global
	GlobalSection(SolutionConfigurationPlatforms) = preSolution
		Debug|Any CPU = Debug|Any CPU
		Release|Any CPU = Release|Any CPU
	EndGlobalSection
	GlobalSection(ProjectConfigurationPlatforms) = postSolution
		{06E2FC9D-0D00-4D0E-9D08-20985C9DD7C0}.Debug|Any CPU.ActiveCfg = Debug|Any CPU
		{06E2FC9D-0D00-4D0E-9D08-20985C9DD7C0}.Debug|Any CPU.Build.0 = Debug|Any CPU
		{06E2FC9D-0D00-4D0E-9D08-20985C9DD7C0}.Release|Any CPU.ActiveCfg = Release|Any CPU
		{06E2FC9D-0D00-4D0E-9D08-20985C9DD7C0}.Release|Any CPU.Build.0 = Release|Any CPU
		{3C33192A-ABE9-4202-9660-7130E19B7053}.Debug|Any CPU.ActiveCfg = Debug|Any CPU
		{3C33192A-ABE9-4202-9660-7130E19B7053}.Debug|Any CPU.Build.0 = Debug|Any CPU
		{3C33192A-ABE9-4202-9660-7130E19B7053}.Release|Any CPU.ActiveCfg = Release|Any CPU
		{3C33192A-ABE9-4202-9660-7130E19B7053}.Release|Any CPU.Build.0 = Release|Any CPU
		{B6B863F5-F4F4-4517-B0A6-087BFCE4820E}.Debug|Any CPU.ActiveCfg = Debug|Any CPU
		{B6B863F5-F4F4-4517-B0A6-087BFCE4820E}.Debug|Any CPU.Build.0 = Debug|Any CPU
		{B6B863F5-F4F4-4517-B0A6-087BFCE4820E}.Release|Any CPU.ActiveCfg = Release|Any CPU
		{B6B863F5-F4F4-4517-B0A6-087BFCE4820E}.Release|Any CPU.Build.0 = Release|Any CPU
		{1683F900-B516-4E63-9CB3-5AC38A7B2689}.Debug|Any CPU.ActiveCfg = Debug|Any CPU
		{1683F900-B516-4E63-9CB3-5AC38A7B2689}.Debug|Any CPU.Build.0 = Debug|Any CPU
		{1683F900-B516-4E63-9CB3-5AC38A7B2689}.Release|Any CPU.ActiveCfg = Release|Any CPU
		{1683F900-B516-4E63-9CB3-5AC38A7B2689}.Release|Any CPU.Build.0 = Release|Any CPU
		{FC5C173F-E253-4167-9EC3-4D28879A10F1}.Debug|Any CPU.ActiveCfg = Debug|Any CPU
		{FC5C173F-E253-4167-9EC3-4D28879A10F1}.Debug|Any CPU.Build.0 = Debug|Any CPU
		{FC5C173F-E253-4167-9EC3-4D28879A10F1}.Release|Any CPU.ActiveCfg = Release|Any CPU
		{FC5C173F-E253-4167-9EC3-4D28879A10F1}.Release|Any CPU.Build.0 = Release|Any CPU
	EndGlobalSection
	GlobalSection(SolutionProperties) = preSolution
		HideSolutionNode = FALSE
	EndGlobalSection
	GlobalSection(ExtensibilityGlobals) = postSolution
		SolutionGuid = {7C0DF60D-BA15-4BA0-B757-F5E6CF6A121B}
	EndGlobalSection
EndGlobal
